// !$*UTF8*$!
{
	archiveVersion = 1;
	classes = {
	};
	objectVersion = 56;
	objects = {

/* Begin PBXBuildFile section */
		88275F3B28EB4CBE00237B60 /* HelloCoffeeApp.swift in Sources */ = {isa = PBXBuildFile; fileRef = 88275F3A28EB4CBE00237B60 /* HelloCoffeeApp.swift */; };
		88275F3D28EB4CBE00237B60 /* ContentView.swift in Sources */ = {isa = PBXBuildFile; fileRef = 88275F3C28EB4CBE00237B60 /* ContentView.swift */; };
		88275F3F28EB4CBF00237B60 /* Assets.xcassets in Resources */ = {isa = PBXBuildFile; fileRef = 88275F3E28EB4CBF00237B60 /* Assets.xcassets */; };
		88275F4228EB4CBF00237B60 /* Preview Assets.xcassets in Resources */ = {isa = PBXBuildFile; fileRef = 88275F4128EB4CBF00237B60 /* Preview Assets.xcassets */; };
		88275F4A28EB538600237B60 /* Webservice.swift in Sources */ = {isa = PBXBuildFile; fileRef = 88275F4928EB538600237B60 /* Webservice.swift */; };
		88275F4D28EB53DA00237B60 /* Order.swift in Sources */ = {isa = PBXBuildFile; fileRef = 88275F4C28EB53DA00237B60 /* Order.swift */; };
		88275F4F28EB568000237B60 /* CoffeeModel.swift in Sources */ = {isa = PBXBuildFile; fileRef = 88275F4E28EB568000237B60 /* CoffeeModel.swift */; };
		88275F5328EB5A8200237B60 /* OrderCellView.swift in Sources */ = {isa = PBXBuildFile; fileRef = 88275F5228EB5A8200237B60 /* OrderCellView.swift */; };
		88275F5628EE0A4F00237B60 /* NumberFormatter+Extensions.swift in Sources */ = {isa = PBXBuildFile; fileRef = 88275F5528EE0A4F00237B60 /* NumberFormatter+Extensions.swift */; };
		88275F5928EF199C00237B60 /* AppEnvironment.swift in Sources */ = {isa = PBXBuildFile; fileRef = 88275F5828EF199C00237B60 /* AppEnvironment.swift */; };
/* End PBXBuildFile section */

/* Begin PBXFileReference section */
		88275F3728EB4CBE00237B60 /* HelloCoffee.app */ = {isa = PBXFileReference; explicitFileType = wrapper.application; includeInIndex = 0; path = HelloCoffee.app; sourceTree = BUILT_PRODUCTS_DIR; };
		88275F3A28EB4CBE00237B60 /* HelloCoffeeApp.swift */ = {isa = PBXFileReference; lastKnownFileType = sourcecode.swift; path = HelloCoffeeApp.swift; sourceTree = "<group>"; };
		88275F3C28EB4CBE00237B60 /* ContentView.swift */ = {isa = PBXFileReference; lastKnownFileType = sourcecode.swift; path = ContentView.swift; sourceTree = "<group>"; };
		88275F3E28EB4CBF00237B60 /* Assets.xcassets */ = {isa = PBXFileReference; lastKnownFileType = folder.assetcatalog; path = Assets.xcassets; sourceTree = "<group>"; };
		88275F4128EB4CBF00237B60 /* Preview Assets.xcassets */ = {isa = PBXFileReference; lastKnownFileType = folder.assetcatalog; path = "Preview Assets.xcassets"; sourceTree = "<group>"; };
		88275F4928EB538600237B60 /* Webservice.swift */ = {isa = PBXFileReference; lastKnownFileType = sourcecode.swift; path = Webservice.swift; sourceTree = "<group>"; };
		88275F4C28EB53DA00237B60 /* Order.swift */ = {isa = PBXFileReference; lastKnownFileType = sourcecode.swift; path = Order.swift; sourceTree = "<group>"; };
		88275F4E28EB568000237B60 /* CoffeeModel.swift */ = {isa = PBXFileReference; lastKnownFileType = sourcecode.swift; path = CoffeeModel.swift; sourceTree = "<group>"; };
		88275F5228EB5A8200237B60 /* OrderCellView.swift */ = {isa = PBXFileReference; lastKnownFileType = sourcecode.swift; path = OrderCellView.swift; sourceTree = "<group>"; };
		88275F5528EE0A4F00237B60 /* NumberFormatter+Extensions.swift */ = {isa = PBXFileReference; lastKnownFileType = sourcecode.swift; path = "NumberFormatter+Extensions.swift"; sourceTree = "<group>"; };
		88275F5828EF199C00237B60 /* AppEnvironment.swift */ = {isa = PBXFileReference; lastKnownFileType = sourcecode.swift; path = AppEnvironment.swift; sourceTree = "<group>"; };
/* End PBXFileReference section */

/* Begin PBXFrameworksBuildPhase section */
		88275F3428EB4CBE00237B60 /* Frameworks */ = {
			isa = PBXFrameworksBuildPhase;
			buildActionMask = 2147483647;
			files = (
			);
			runOnlyForDeploymentPostprocessing = 0;
		};
/* End PBXFrameworksBuildPhase section */

/* Begin PBXGroup section */
		88275F2E28EB4CBE00237B60 = {
			isa = PBXGroup;
			children = (
				88275F3928EB4CBE00237B60 /* HelloCoffee */,
				88275F3828EB4CBE00237B60 /* Products */,
			);
			sourceTree = "<group>";
		};
		88275F3828EB4CBE00237B60 /* Products */ = {
			isa = PBXGroup;
			children = (
				88275F3728EB4CBE00237B60 /* HelloCoffee.app */,
			);
			name = Products;
			sourceTree = "<group>";
		};
		88275F3928EB4CBE00237B60 /* HelloCoffee */ = {
			isa = PBXGroup;
			children = (
				88275F5728EF198300237B60 /* Utils */,
				88275F5428EE0A1C00237B60 /* Extensions */,
				88275F5128EB5A7100237B60 /* Views */,
				88275F4B28EB53CC00237B60 /* Models */,
				88275F4828EB537200237B60 /* Services */,
				88275F3A28EB4CBE00237B60 /* HelloCoffeeApp.swift */,
				88275F3C28EB4CBE00237B60 /* ContentView.swift */,
				88275F3E28EB4CBF00237B60 /* Assets.xcassets */,
				88275F4028EB4CBF00237B60 /* Preview Content */,
			);
			path = HelloCoffee;
			sourceTree = "<group>";
		};
		88275F4028EB4CBF00237B60 /* Preview Content */ = {
			isa = PBXGroup;
			children = (
				88275F4128EB4CBF00237B60 /* Preview Assets.xcassets */,
			);
			path = "Preview Content";
			sourceTree = "<group>";
		};
		88275F4828EB537200237B60 /* Services */ = {
			isa = PBXGroup;
			children = (
				88275F4928EB538600237B60 /* Webservice.swift */,
			);
			path = Services;
			sourceTree = "<group>";
		};
		88275F4B28EB53CC00237B60 /* Models */ = {
			isa = PBXGroup;
			children = (
				88275F4C28EB53DA00237B60 /* Order.swift */,
				88275F4E28EB568000237B60 /* CoffeeModel.swift */,
			);
			path = Models;
			sourceTree = "<group>";
		};
		88275F5128EB5A7100237B60 /* Views */ = {
			isa = PBXGroup;
			children = (
				88275F5228EB5A8200237B60 /* OrderCellView.swift */,
			);
			path = Views;
			sourceTree = "<group>";
		};
		88275F5428EE0A1C00237B60 /* Extensions */ = {
			isa = PBXGroup;
			children = (
				88275F5528EE0A4F00237B60 /* NumberFormatter+Extensions.swift */,
			);
			path = Extensions;
			sourceTree = "<group>";
		};
		88275F5728EF198300237B60 /* Utils */ = {
			isa = PBXGroup;
			children = (
				88275F5828EF199C00237B60 /* AppEnvironment.swift */,
			);
			path = Utils;
			sourceTree = "<group>";
		};
/* End PBXGroup section */

/* Begin PBXNativeTarget section */
		88275F3628EB4CBE00237B60 /* HelloCoffee */ = {
			isa = PBXNativeTarget;
			buildConfigurationList = 88275F4528EB4CBF00237B60 /* Build configuration list for PBXNativeTarget "HelloCoffee" */;
			buildPhases = (
				88275F3328EB4CBE00237B60 /* Sources */,
				88275F3428EB4CBE00237B60 /* Frameworks */,
				88275F3528EB4CBE00237B60 /* Resources */,
			);
			buildRules = (
			);
			dependencies = (
			);
			name = HelloCoffee;
			productName = HelloCoffee;
			productReference = 88275F3728EB4CBE00237B60 /* HelloCoffee.app */;
			productType = "com.apple.product-type.application";
		};
/* End PBXNativeTarget section */

/* Begin PBXProject section */
		88275F2F28EB4CBE00237B60 /* Project object */ = {
			isa = PBXProject;
			attributes = {
				BuildIndependentTargetsInParallel = 1;
				LastSwiftUpdateCheck = 1400;
				LastUpgradeCheck = 1400;
				TargetAttributes = {
					88275F3628EB4CBE00237B60 = {
						CreatedOnToolsVersion = 14.0;
					};
				};
			};
			buildConfigurationList = 88275F3228EB4CBE00237B60 /* Build configuration list for PBXProject "HelloCoffee" */;
			compatibilityVersion = "Xcode 14.0";
			developmentRegion = en;
			hasScannedForEncodings = 0;
			knownRegions = (
				en,
				Base,
			);
			mainGroup = 88275F2E28EB4CBE00237B60;
			productRefGroup = 88275F3828EB4CBE00237B60 /* Products */;
			projectDirPath = "";
			projectRoot = "";
			targets = (
				88275F3628EB4CBE00237B60 /* HelloCoffee */,
			);
		};
/* End PBXProject section */

/* Begin PBXResourcesBuildPhase section */
		88275F3528EB4CBE00237B60 /* Resources */ = {
			isa = PBXResourcesBuildPhase;
			buildActionMask = 2147483647;
			files = (
				88275F4228EB4CBF00237B60 /* Preview Assets.xcassets in Resources */,
				88275F3F28EB4CBF00237B60 /* Assets.xcassets in Resources */,
			);
			runOnlyForDeploymentPostprocessing = 0;
		};
/* End PBXResourcesBuildPhase section */

/* Begin PBXSourcesBuildPhase section */
		88275F3328EB4CBE00237B60 /* Sources */ = {
			isa = PBXSourcesBuildPhase;
			buildActionMask = 2147483647;
			files = (
				88275F3D28EB4CBE00237B60 /* ContentView.swift in Sources */,
				88275F4F28EB568000237B60 /* CoffeeModel.swift in Sources */,
				88275F5628EE0A4F00237B60 /* NumberFormatter+Extensions.swift in Sources */,
				88275F3B28EB4CBE00237B60 /* HelloCoffeeApp.swift in Sources */,
				88275F4D28EB53DA00237B60 /* Order.swift in Sources */,
				88275F5928EF199C00237B60 /* AppEnvironment.swift in Sources */,
				88275F4A28EB538600237B60 /* Webservice.swift in Sources */,
				88275F5328EB5A8200237B60 /* OrderCellView.swift in Sources */,
			);
			runOnlyForDeploymentPostprocessing = 0;
		};
/* End PBXSourcesBuildPhase section */

/* Begin XCBuildConfiguration section */
		88275F4328EB4CBF00237B60 /* Debug */ = {
			isa = XCBuildConfiguration;
			buildSettings = {
				ALWAYS_SEARCH_USER_PATHS = NO;
				CLANG_ANALYZER_NONNULL = YES;
				CLANG_ANALYZER_NUMBER_OBJECT_CONVERSION = YES_AGGRESSIVE;
				CLANG_CXX_LANGUAGE_STANDARD = "gnu++17";
				CLANG_ENABLE_MODULES = YES;
				CLANG_ENABLE_OBJC_ARC = YES;
				CLANG_ENABLE_OBJC_WEAK = YES;
				CLANG_WARN_BLOCK_CAPTURE_AUTORELEASING = YES;
				CLANG_WARN_BOOL_CONVERSION = YES;
				CLANG_WARN_COMMA = YES;
				CLANG_WARN_CONSTANT_CONVERSION = YES;
				CLANG_WARN_DEPRECATED_OBJC_IMPLEMENTATIONS = YES;
				CLANG_WARN_DIRECT_OBJC_ISA_USAGE = YES_ERROR;
				CLANG_WARN_DOCUMENTATION_COMMENTS = YES;
				CLANG_WARN_EMPTY_BODY = YES;
				CLANG_WARN_ENUM_CONVERSION = YES;
				CLANG_WARN_INFINITE_RECURSION = YES;
				CLANG_WARN_INT_CONVERSION = YES;
				CLANG_WARN_NON_LITERAL_NULL_CONVERSION = YES;
				CLANG_WARN_OBJC_IMPLICIT_RETAIN_SELF = YES;
				CLANG_WARN_OBJC_LITERAL_CONVERSION = YES;
				CLANG_WARN_OBJC_ROOT_CLASS = YES_ERROR;
				CLANG_WARN_QUOTED_INCLUDE_IN_FRAMEWORK_HEADER = YES;
				CLANG_WARN_RANGE_LOOP_ANALYSIS = YES;
				CLANG_WARN_STRICT_PROTOTYPES = YES;
				CLANG_WARN_SUSPICIOUS_MOVE = YES;
				CLANG_WARN_UNGUARDED_AVAILABILITY = YES_AGGRESSIVE;
				CLANG_WARN_UNREACHABLE_CODE = YES;
				CLANG_WARN__DUPLICATE_METHOD_MATCH = YES;
				COPY_PHASE_STRIP = NO;
				DEBUG_INFORMATION_FORMAT = dwarf;
				ENABLE_STRICT_OBJC_MSGSEND = YES;
				ENABLE_TESTABILITY = YES;
				GCC_C_LANGUAGE_STANDARD = gnu11;
				GCC_DYNAMIC_NO_PIC = NO;
				GCC_NO_COMMON_BLOCKS = YES;
				GCC_OPTIMIZATION_LEVEL = 0;
				GCC_PREPROCESSOR_DEFINITIONS = (
					"DEBUG=1",
					"$(inherited)",
				);
				GCC_WARN_64_TO_32_BIT_CONVERSION = YES;
				GCC_WARN_ABOUT_RETURN_TYPE = YES_ERROR;
				GCC_WARN_UNDECLARED_SELECTOR = YES;
				GCC_WARN_UNINITIALIZED_AUTOS = YES_AGGRESSIVE;
				GCC_WARN_UNUSED_FUNCTION = YES;
				GCC_WARN_UNUSED_VARIABLE = YES;
				IPHONEOS_DEPLOYMENT_TARGET = 16.0;
				MTL_ENABLE_DEBUG_INFO = INCLUDE_SOURCE;
				MTL_FAST_MATH = YES;
				ONLY_ACTIVE_ARCH = YES;
				SDKROOT = iphoneos;
				SWIFT_ACTIVE_COMPILATION_CONDITIONS = DEBUG;
				SWIFT_OPTIMIZATION_LEVEL = "-Onone";
			};
			name = Debug;
		};
		88275F4428EB4CBF00237B60 /* Release */ = {
			isa = XCBuildConfiguration;
			buildSettings = {
				ALWAYS_SEARCH_USER_PATHS = NO;
				CLANG_ANALYZER_NONNULL = YES;
				CLANG_ANALYZER_NUMBER_OBJECT_CONVERSION = YES_AGGRESSIVE;
				CLANG_CXX_LANGUAGE_STANDARD = "gnu++17";
				CLANG_ENABLE_MODULES = YES;
				CLANG_ENABLE_OBJC_ARC = YES;
				CLANG_ENABLE_OBJC_WEAK = YES;
				CLANG_WARN_BLOCK_CAPTURE_AUTORELEASING = YES;
				CLANG_WARN_BOOL_CONVERSION = YES;
				CLANG_WARN_COMMA = YES;
				CLANG_WARN_CONSTANT_CONVERSION = YES;
				CLANG_WARN_DEPRECATED_OBJC_IMPLEMENTATIONS = YES;
				CLANG_WARN_DIRECT_OBJC_ISA_USAGE = YES_ERROR;
				CLANG_WARN_DOCUMENTATION_COMMENTS = YES;
				CLANG_WARN_EMPTY_BODY = YES;
				CLANG_WARN_ENUM_CONVERSION = YES;
				CLANG_WARN_INFINITE_RECURSION = YES;
				CLANG_WARN_INT_CONVERSION = YES;
				CLANG_WARN_NON_LITERAL_NULL_CONVERSION = YES;
				CLANG_WARN_OBJC_IMPLICIT_RETAIN_SELF = YES;
				CLANG_WARN_OBJC_LITERAL_CONVERSION = YES;
				CLANG_WARN_OBJC_ROOT_CLASS = YES_ERROR;
				CLANG_WARN_QUOTED_INCLUDE_IN_FRAMEWORK_HEADER = YES;
				CLANG_WARN_RANGE_LOOP_ANALYSIS = YES;
				CLANG_WARN_STRICT_PROTOTYPES = YES;
				CLANG_WARN_SUSPICIOUS_MOVE = YES;
				CLANG_WARN_UNGUARDED_AVAILABILITY = YES_AGGRESSIVE;
				CLANG_WARN_UNREACHABLE_CODE = YES;
				CLANG_WARN__DUPLICATE_METHOD_MATCH = YES;
				COPY_PHASE_STRIP = NO;
				DEBUG_INFORMATION_FORMAT = "dwarf-with-dsym";
				ENABLE_NS_ASSERTIONS = NO;
				ENABLE_STRICT_OBJC_MSGSEND = YES;
				GCC_C_LANGUAGE_STANDARD = gnu11;
				GCC_NO_COMMON_BLOCKS = YES;
				GCC_WARN_64_TO_32_BIT_CONVERSION = YES;
				GCC_WARN_ABOUT_RETURN_TYPE = YES_ERROR;
				GCC_WARN_UNDECLARED_SELECTOR = YES;
				GCC_WARN_UNINITIALIZED_AUTOS = YES_AGGRESSIVE;
				GCC_WARN_UNUSED_FUNCTION = YES;
				GCC_WARN_UNUSED_VARIABLE = YES;
				IPHONEOS_DEPLOYMENT_TARGET = 16.0;
				MTL_ENABLE_DEBUG_INFO = NO;
				MTL_FAST_MATH = YES;
				SDKROOT = iphoneos;
				SWIFT_COMPILATION_MODE = wholemodule;
				SWIFT_OPTIMIZATION_LEVEL = "-O";
				VALIDATE_PRODUCT = YES;
			};
			name = Release;
		};
		88275F4628EB4CBF00237B60 /* Debug */ = {
			isa = XCBuildConfiguration;
			buildSettings = {
				ASSETCATALOG_COMPILER_APPICON_NAME = AppIcon;
				ASSETCATALOG_COMPILER_GLOBAL_ACCENT_COLOR_NAME = AccentColor;
				CODE_SIGN_STYLE = Automatic;
				CURRENT_PROJECT_VERSION = 1;
				DEVELOPMENT_ASSET_PATHS = "\"HelloCoffee/Preview Content\"";
				DEVELOPMENT_TEAM = 9F6398P4YJ;
				ENABLE_PREVIEWS = YES;
				GENERATE_INFOPLIST_FILE = YES;
				INFOPLIST_KEY_UIApplicationSceneManifest_Generation = YES;
				INFOPLIST_KEY_UIApplicationSupportsIndirectInputEvents = YES;
				INFOPLIST_KEY_UILaunchScreen_Generation = YES;
				INFOPLIST_KEY_UISupportedInterfaceOrientations_iPad = "UIInterfaceOrientationPortrait UIInterfaceOrientationPortraitUpsideDown UIInterfaceOrientationLandscapeLeft UIInterfaceOrientationLandscapeRight";
				INFOPLIST_KEY_UISupportedInterfaceOrientations_iPhone = "UIInterfaceOrientationPortrait UIInterfaceOrientationLandscapeLeft UIInterfaceOrientationLandscapeRight";
				LD_RUNPATH_SEARCH_PATHS = (
					"$(inherited)",
					"@executable_path/Frameworks",
				);
				MARKETING_VERSION = 1.0;
				PRODUCT_BUNDLE_IDENTIFIER = com.ethankisiel.HelloCoffee;
				PRODUCT_NAME = "$(TARGET_NAME)";
				SWIFT_EMIT_LOC_STRINGS = YES;
				SWIFT_VERSION = 5.0;
				TARGETED_DEVICE_FAMILY = "1,2";
			};
			name = Debug;
		};
		88275F4728EB4CBF00237B60 /* Release */ = {
			isa = XCBuildConfiguration;
			buildSettings = {
				ASSETCATALOG_COMPILER_APPICON_NAME = AppIcon;
				ASSETCATALOG_COMPILER_GLOBAL_ACCENT_COLOR_NAME = AccentColor;
				CODE_SIGN_STYLE = Automatic;
				CURRENT_PROJECT_VERSION = 1;
				DEVELOPMENT_ASSET_PATHS = "\"HelloCoffee/Preview Content\"";
				DEVELOPMENT_TEAM = 9F6398P4YJ;
				ENABLE_PREVIEWS = YES;
				GENERATE_INFOPLIST_FILE = YES;
				INFOPLIST_KEY_UIApplicationSceneManifest_Generation = YES;
				INFOPLIST_KEY_UIApplicationSupportsIndirectInputEvents = YES;
				INFOPLIST_KEY_UILaunchScreen_Generation = YES;
				INFOPLIST_KEY_UISupportedInterfaceOrientations_iPad = "UIInterfaceOrientationPortrait UIInterfaceOrientationPortraitUpsideDown UIInterfaceOrientationLandscapeLeft UIInterfaceOrientationLandscapeRight";
				INFOPLIST_KEY_UISupportedInterfaceOrientations_iPhone = "UIInterfaceOrientationPortrait UIInterfaceOrientationLandscapeLeft UIInterfaceOrientationLandscapeRight";
				LD_RUNPATH_SEARCH_PATHS = (
					"$(inherited)",
					"@executable_path/Frameworks",
				);
				MARKETING_VERSION = 1.0;
				PRODUCT_BUNDLE_IDENTIFIER = com.ethankisiel.HelloCoffee;
				PRODUCT_NAME = "$(TARGET_NAME)";
				SWIFT_EMIT_LOC_STRINGS = YES;
				SWIFT_VERSION = 5.0;
				TARGETED_DEVICE_FAMILY = "1,2";
			};
			name = Release;
		};
/* End XCBuildConfiguration section */

/* Begin XCConfigurationList section */
		88275F3228EB4CBE00237B60 /* Build configuration list for PBXProject "HelloCoffee" */ = {
			isa = XCConfigurationList;
			buildConfigurations = (
				88275F4328EB4CBF00237B60 /* Debug */,
				88275F4428EB4CBF00237B60 /* Release */,
			);
			defaultConfigurationIsVisible = 0;
			defaultConfigurationName = Release;
		};
		88275F4528EB4CBF00237B60 /* Build configuration list for PBXNativeTarget "HelloCoffee" */ = {
			isa = XCConfigurationList;
			buildConfigurations = (
				88275F4628EB4CBF00237B60 /* Debug */,
				88275F4728EB4CBF00237B60 /* Release */,
			);
			defaultConfigurationIsVisible = 0;
			defaultConfigurationName = Release;
		};
/* End XCConfigurationList section */
	};
	rootObject = 88275F2F28EB4CBE00237B60 /* Project object */;
}
